
Microsoft Visual Studio Solution File, Format Version 12.00
# Visual Studio Version 17
VisualStudioVersion = 17.13.35825.156
MinimumVisualStudioVersion = 10.0.40219.1
Project("{FAE04EC0-301F-11D3-BF4B-00C04F79EFBC}") = "Progress-Front-End", "Progress-Front-End.csproj", "{65FF37C3-EAA1-4F4F-86E5-D04005273531}"
EndProject
Global
	GlobalSection(SolutionConfigurationPlatforms) = preSolution
		Debug|Any CPU = Debug|Any CPU
		Release|Any CPU = Release|Any CPU
	EndGlobalSection
	GlobalSection(ProjectConfigurationPlatforms) = postSolution
		{65FF37C3-EAA1-4F4F-86E5-D04005273531}.Debug|Any CPU.ActiveCfg = Debug|Any CPU
		{65FF37C3-EAA1-4F4F-86E5-D04005273531}.Debug|Any CPU.Build.0 = Debug|Any CPU
		{65FF37C3-EAA1-4F4F-86E5-D04005273531}.Release|Any CPU.ActiveCfg = Release|Any CPU
		{65FF37C3-EAA1-4F4F-86E5-D04005273531}.Release|Any CPU.Build.0 = Release|Any CPU
	EndGlobalSection
	GlobalSection(SolutionProperties) = preSolution
		HideSolutionNode = FALSE
	EndGlobalSection
	GlobalSection(ExtensibilityGlobals) = postSolution
		SolutionGuid = {3FB99C69-5114-4964-B6EB-C203857F4BC2}
	EndGlobalSection
EndGlobal
